
Microsoft Visual Studio Solution File, Format Version 12.00
# Visual Studio Version 16
VisualStudioVersion = 16.0.29025.244
MinimumVisualStudioVersion = 10.0.40219.1
Project("{FAE04EC0-301F-11D3-BF4B-00C04F79EFBC}") = "SuperBot5000", "SuperBot5000\SuperBot5000.csproj", "{D2DA07AA-4765-40FC-858E-0C5673CDB7B3}"
EndProject
Global
	GlobalSection(SolutionConfigurationPlatforms) = preSolution
		Debug|Any CPU = Debug|Any CPU
		Release|Any CPU = Release|Any CPU
	EndGlobalSection
	GlobalSection(ProjectConfigurationPlatforms) = postSolution
		{D2DA07AA-4765-40FC-858E-0C5673CDB7B3}.Debug|Any CPU.ActiveCfg = Debug|Any CPU
		{D2DA07AA-4765-40FC-858E-0C5673CDB7B3}.Debug|Any CPU.Build.0 = Debug|Any CPU
		{D2DA07AA-4765-40FC-858E-0C5673CDB7B3}.Release|Any CPU.ActiveCfg = Release|Any CPU
		{D2DA07AA-4765-40FC-858E-0C5673CDB7B3}.Release|Any CPU.Build.0 = Release|Any CPU
	EndGlobalSection
	GlobalSection(SolutionProperties) = preSolution
		HideSolutionNode = FALSE
	EndGlobalSection
	GlobalSection(ExtensibilityGlobals) = postSolution
		SolutionGuid = {28F10E34-CBA6-4025-80B2-751116D0376C}
	EndGlobalSection
EndGlobal
